
Microsoft Visual Studio Solution File, Format Version 12.00
Project("{FAE04EC0-301F-11D3-BF4B-00C04F79EFBC}") = "DevIO.Business", "src\DevIO.Business\DevIO.Business.csproj", "{95900A08-84BC-418E-A339-6591C35ADF89}"
EndProject
Project("{FAE04EC0-301F-11D3-BF4B-00C04F79EFBC}") = "DevIO.Data", "src\DevIO.Data\DevIO.Data.csproj", "{0AA01B9B-A3B5-4358-AD52-6AB1A4220019}"
EndProject
Project("{FAE04EC0-301F-11D3-BF4B-00C04F79EFBC}") = "DevIO.Api", "src\DevIO.Api\DevIO.Api.csproj", "{C36EB6BF-F39D-4C20-9F72-44ABBCF2612B}"
EndProject
Global
	GlobalSection(SolutionConfigurationPlatforms) = preSolution
		Debug|Any CPU = Debug|Any CPU
		Release|Any CPU = Release|Any CPU
	EndGlobalSection
	GlobalSection(ProjectConfigurationPlatforms) = postSolution
		{95900A08-84BC-418E-A339-6591C35ADF89}.Debug|Any CPU.ActiveCfg = Debug|Any CPU
		{95900A08-84BC-418E-A339-6591C35ADF89}.Debug|Any CPU.Build.0 = Debug|Any CPU
		{95900A08-84BC-418E-A339-6591C35ADF89}.Release|Any CPU.ActiveCfg = Release|Any CPU
		{95900A08-84BC-418E-A339-6591C35ADF89}.Release|Any CPU.Build.0 = Release|Any CPU
		{0AA01B9B-A3B5-4358-AD52-6AB1A4220019}.Debug|Any CPU.ActiveCfg = Debug|Any CPU
		{0AA01B9B-A3B5-4358-AD52-6AB1A4220019}.Debug|Any CPU.Build.0 = Debug|Any CPU
		{0AA01B9B-A3B5-4358-AD52-6AB1A4220019}.Release|Any CPU.ActiveCfg = Release|Any CPU
		{0AA01B9B-A3B5-4358-AD52-6AB1A4220019}.Release|Any CPU.Build.0 = Release|Any CPU
		{C36EB6BF-F39D-4C20-9F72-44ABBCF2612B}.Debug|Any CPU.ActiveCfg = Debug|Any CPU
		{C36EB6BF-F39D-4C20-9F72-44ABBCF2612B}.Debug|Any CPU.Build.0 = Debug|Any CPU
		{C36EB6BF-F39D-4C20-9F72-44ABBCF2612B}.Release|Any CPU.ActiveCfg = Release|Any CPU
		{C36EB6BF-F39D-4C20-9F72-44ABBCF2612B}.Release|Any CPU.Build.0 = Release|Any CPU
	EndGlobalSection
EndGlobal
